
Microsoft Visual Studio Solution File, Format Version 12.00
# Visual Studio Version 17
VisualStudioVersion = 17.9.34728.123
MinimumVisualStudioVersion = 10.0.40219.1
Project("{9A19103F-16F7-4668-BE54-9A1E7A4F7556}") = "DbFirstEfCore.Data", "DbFirstEfCore.Data\DbFirstEfCore.Data.csproj", "{76C5CBC3-1213-4975-AE5E-914436B75503}"
EndProject
Project("{FAE04EC0-301F-11D3-BF4B-00C04F79EFBC}") = "DbFirstEfCore.Grpc", "DbFirstEfCore.Grpc\DbFirstEfCore.Grpc.csproj", "{2B468B3F-FFBB-4276-9E52-4298C50332B3}"
EndProject
Project("{FAE04EC0-301F-11D3-BF4B-00C04F79EFBC}") = "DbFirstEfCore.Api", "DbFirstEfCore.Api\DbFirstEfCore.Api.csproj", "{8618CC58-642F-4BB0-825E-B5C63CA4A38C}"
EndProject
Global
	GlobalSection(SolutionConfigurationPlatforms) = preSolution
		Debug|Any CPU = Debug|Any CPU
		Release|Any CPU = Release|Any CPU
	EndGlobalSection
	GlobalSection(ProjectConfigurationPlatforms) = postSolution
		{76C5CBC3-1213-4975-AE5E-914436B75503}.Debug|Any CPU.ActiveCfg = Debug|Any CPU
		{76C5CBC3-1213-4975-AE5E-914436B75503}.Debug|Any CPU.Build.0 = Debug|Any CPU
		{76C5CBC3-1213-4975-AE5E-914436B75503}.Release|Any CPU.ActiveCfg = Release|Any CPU
		{76C5CBC3-1213-4975-AE5E-914436B75503}.Release|Any CPU.Build.0 = Release|Any CPU
		{2B468B3F-FFBB-4276-9E52-4298C50332B3}.Debug|Any CPU.ActiveCfg = Debug|Any CPU
		{2B468B3F-FFBB-4276-9E52-4298C50332B3}.Debug|Any CPU.Build.0 = Debug|Any CPU
		{2B468B3F-FFBB-4276-9E52-4298C50332B3}.Release|Any CPU.ActiveCfg = Release|Any CPU
		{2B468B3F-FFBB-4276-9E52-4298C50332B3}.Release|Any CPU.Build.0 = Release|Any CPU
		{8618CC58-642F-4BB0-825E-B5C63CA4A38C}.Debug|Any CPU.ActiveCfg = Debug|Any CPU
		{8618CC58-642F-4BB0-825E-B5C63CA4A38C}.Debug|Any CPU.Build.0 = Debug|Any CPU
		{8618CC58-642F-4BB0-825E-B5C63CA4A38C}.Release|Any CPU.ActiveCfg = Release|Any CPU
		{8618CC58-642F-4BB0-825E-B5C63CA4A38C}.Release|Any CPU.Build.0 = Release|Any CPU
	EndGlobalSection
	GlobalSection(SolutionProperties) = preSolution
		HideSolutionNode = FALSE
	EndGlobalSection
	GlobalSection(ExtensibilityGlobals) = postSolution
		SolutionGuid = {8BA8912C-58BE-47AE-B73B-8405E4F18C78}
	EndGlobalSection
EndGlobal
